// !$*UTF8*$!
{
	archiveVersion = 1;
	classes = {
	};
	objectVersion = 55;
	objects = {

/* Begin PBXBuildFile section */
		D30BB9F227D79509000B34EE /* HelpView.swift in Sources */ = {isa = PBXBuildFile; fileRef = D30BB9F127D79509000B34EE /* HelpView.swift */; };
		D30BB9F427D79962000B34EE /* DonerenView.swift in Sources */ = {isa = PBXBuildFile; fileRef = D30BB9F327D79962000B34EE /* DonerenView.swift */; };
		D30BB9F627D79978000B34EE /* KindOpgevenView.swift in Sources */ = {isa = PBXBuildFile; fileRef = D30BB9F527D79978000B34EE /* KindOpgevenView.swift */; };
		D30BB9F827D7998B000B34EE /* VrijwilligerOpgevenView.swift in Sources */ = {isa = PBXBuildFile; fileRef = D30BB9F727D7998B000B34EE /* VrijwilligerOpgevenView.swift */; };
		D322524227F460F40089FAF6 /* OpgevenView.swift in Sources */ = {isa = PBXBuildFile; fileRef = D322524127F460F40089FAF6 /* OpgevenView.swift */; };
		D346E69027D619EC006F838D /* NewsView.swift in Sources */ = {isa = PBXBuildFile; fileRef = D346E68F27D619EC006F838D /* NewsView.swift */; };
		D346E69227D619FB006F838D /* HomeView.swift in Sources */ = {isa = PBXBuildFile; fileRef = D346E69127D619FB006F838D /* HomeView.swift */; };
		D346E69427D61A36006F838D /* ProfileView.swift in Sources */ = {isa = PBXBuildFile; fileRef = D346E69327D61A36006F838D /* ProfileView.swift */; };
		D349C02827DF4F7900B7ED5A /* GeldView.swift in Sources */ = {isa = PBXBuildFile; fileRef = D349C02727DF4F7900B7ED5A /* GeldView.swift */; };
		D349C02A27DF4F9000B7ED5A /* SpeelgoedView.swift in Sources */ = {isa = PBXBuildFile; fileRef = D349C02927DF4F9000B7ED5A /* SpeelgoedView.swift */; };
		D349C02C27DF705400B7ED5A /* VolgendeView.swift in Sources */ = {isa = PBXBuildFile; fileRef = D349C02B27DF705400B7ED5A /* VolgendeView.swift */; };
		D349C02E27E0A17000B7ED5A /* BedanktGeldView.swift in Sources */ = {isa = PBXBuildFile; fileRef = D349C02D27E0A17000B7ED5A /* BedanktGeldView.swift */; };
		D36A8D2527D0FC25003AD26A /* SogetiTGApp.swift in Sources */ = {isa = PBXBuildFile; fileRef = D36A8D2427D0FC25003AD26A /* SogetiTGApp.swift */; };
		D36A8D2727D0FC25003AD26A /* ContentView.swift in Sources */ = {isa = PBXBuildFile; fileRef = D36A8D2627D0FC25003AD26A /* ContentView.swift */; };
		D36A8D2927D0FC28003AD26A /* Assets.xcassets in Resources */ = {isa = PBXBuildFile; fileRef = D36A8D2827D0FC28003AD26A /* Assets.xcassets */; };
		D36A8D2C27D0FC28003AD26A /* Preview Assets.xcassets in Resources */ = {isa = PBXBuildFile; fileRef = D36A8D2B27D0FC28003AD26A /* Preview Assets.xcassets */; };
		D36A8D2E27D0FC28003AD26A /* Persistence.swift in Sources */ = {isa = PBXBuildFile; fileRef = D36A8D2D27D0FC28003AD26A /* Persistence.swift */; };
		D36A8D3127D0FC28003AD26A /* SogetiTG.xcdatamodeld in Sources */ = {isa = PBXBuildFile; fileRef = D36A8D2F27D0FC28003AD26A /* SogetiTG.xcdatamodeld */; };
		D3B758B427DA2EA400ECCD30 /* ButtonView.swift in Sources */ = {isa = PBXBuildFile; fileRef = D3B758B327DA2EA400ECCD30 /* ButtonView.swift */; };
		D3C4A2B127DB540200697E28 /* SettingsView.swift in Sources */ = {isa = PBXBuildFile; fileRef = D3C4A2B027DB540200697E28 /* SettingsView.swift */; };
		D3E0DF7227E225B700E6FC37 /* VrijwilligerDatum.swift in Sources */ = {isa = PBXBuildFile; fileRef = D3E0DF7127E225B700E6FC37 /* VrijwilligerDatum.swift */; };
		D3E0DF7427E36C7600E6FC37 /* TextView.swift in Sources */ = {isa = PBXBuildFile; fileRef = D3E0DF7327E36C7600E6FC37 /* TextView.swift */; };
		D3E40CCF27EB4CDB00C3AD4E /* UserData.swift in Sources */ = {isa = PBXBuildFile; fileRef = D3E40CCE27EB4CDB00C3AD4E /* UserData.swift */; };
		D3E40CD127EC87D300C3AD4E /* GeslachtView.swift in Sources */ = {isa = PBXBuildFile; fileRef = D3E40CD027EC87D300C3AD4E /* GeslachtView.swift */; };
/* End PBXBuildFile section */

/* Begin PBXFileReference section */
		D30BB9F127D79509000B34EE /* HelpView.swift */ = {isa = PBXFileReference; lastKnownFileType = sourcecode.swift; path = HelpView.swift; sourceTree = "<group>"; };
		D30BB9F327D79962000B34EE /* DonerenView.swift */ = {isa = PBXFileReference; lastKnownFileType = sourcecode.swift; path = DonerenView.swift; sourceTree = "<group>"; };
		D30BB9F527D79978000B34EE /* KindOpgevenView.swift */ = {isa = PBXFileReference; lastKnownFileType = sourcecode.swift; path = KindOpgevenView.swift; sourceTree = "<group>"; };
		D30BB9F727D7998B000B34EE /* VrijwilligerOpgevenView.swift */ = {isa = PBXFileReference; lastKnownFileType = sourcecode.swift; path = VrijwilligerOpgevenView.swift; sourceTree = "<group>"; };
		D322524127F460F40089FAF6 /* OpgevenView.swift */ = {isa = PBXFileReference; lastKnownFileType = sourcecode.swift; path = OpgevenView.swift; sourceTree = "<group>"; };
		D346E68F27D619EC006F838D /* NewsView.swift */ = {isa = PBXFileReference; lastKnownFileType = sourcecode.swift; path = NewsView.swift; sourceTree = "<group>"; };
		D346E69127D619FB006F838D /* HomeView.swift */ = {isa = PBXFileReference; lastKnownFileType = sourcecode.swift; path = HomeView.swift; sourceTree = "<group>"; };
		D346E69327D61A36006F838D /* ProfileView.swift */ = {isa = PBXFileReference; lastKnownFileType = sourcecode.swift; path = ProfileView.swift; sourceTree = "<group>"; };
		D349C02727DF4F7900B7ED5A /* GeldView.swift */ = {isa = PBXFileReference; lastKnownFileType = sourcecode.swift; path = GeldView.swift; sourceTree = "<group>"; };
		D349C02927DF4F9000B7ED5A /* SpeelgoedView.swift */ = {isa = PBXFileReference; lastKnownFileType = sourcecode.swift; path = SpeelgoedView.swift; sourceTree = "<group>"; };
		D349C02B27DF705400B7ED5A /* VolgendeView.swift */ = {isa = PBXFileReference; lastKnownFileType = sourcecode.swift; path = VolgendeView.swift; sourceTree = "<group>"; };
		D349C02D27E0A17000B7ED5A /* BedanktGeldView.swift */ = {isa = PBXFileReference; lastKnownFileType = sourcecode.swift; path = BedanktGeldView.swift; sourceTree = "<group>"; };
		D36A8D2127D0FC25003AD26A /* SogetiTG.app */ = {isa = PBXFileReference; explicitFileType = wrapper.application; includeInIndex = 0; path = SogetiTG.app; sourceTree = BUILT_PRODUCTS_DIR; };
		D36A8D2427D0FC25003AD26A /* SogetiTGApp.swift */ = {isa = PBXFileReference; lastKnownFileType = sourcecode.swift; path = SogetiTGApp.swift; sourceTree = "<group>"; };
		D36A8D2627D0FC25003AD26A /* ContentView.swift */ = {isa = PBXFileReference; lastKnownFileType = sourcecode.swift; path = ContentView.swift; sourceTree = "<group>"; };
		D36A8D2827D0FC28003AD26A /* Assets.xcassets */ = {isa = PBXFileReference; lastKnownFileType = folder.assetcatalog; path = Assets.xcassets; sourceTree = "<group>"; };
		D36A8D2B27D0FC28003AD26A /* Preview Assets.xcassets */ = {isa = PBXFileReference; lastKnownFileType = folder.assetcatalog; path = "Preview Assets.xcassets"; sourceTree = "<group>"; };
		D36A8D2D27D0FC28003AD26A /* Persistence.swift */ = {isa = PBXFileReference; lastKnownFileType = sourcecode.swift; path = Persistence.swift; sourceTree = "<group>"; };
		D36A8D3027D0FC28003AD26A /* SogetiTG.xcdatamodel */ = {isa = PBXFileReference; lastKnownFileType = wrapper.xcdatamodel; path = SogetiTG.xcdatamodel; sourceTree = "<group>"; };
		D3B758B327DA2EA400ECCD30 /* ButtonView.swift */ = {isa = PBXFileReference; lastKnownFileType = sourcecode.swift; path = ButtonView.swift; sourceTree = "<group>"; };
		D3C4A2B027DB540200697E28 /* SettingsView.swift */ = {isa = PBXFileReference; lastKnownFileType = sourcecode.swift; path = SettingsView.swift; sourceTree = "<group>"; };
		D3E0DF7127E225B700E6FC37 /* VrijwilligerDatum.swift */ = {isa = PBXFileReference; lastKnownFileType = sourcecode.swift; path = VrijwilligerDatum.swift; sourceTree = "<group>"; };
		D3E0DF7327E36C7600E6FC37 /* TextView.swift */ = {isa = PBXFileReference; lastKnownFileType = sourcecode.swift; path = TextView.swift; sourceTree = "<group>"; };
		D3E40CCE27EB4CDB00C3AD4E /* UserData.swift */ = {isa = PBXFileReference; lastKnownFileType = sourcecode.swift; path = UserData.swift; sourceTree = "<group>"; };
		D3E40CD027EC87D300C3AD4E /* GeslachtView.swift */ = {isa = PBXFileReference; lastKnownFileType = sourcecode.swift; path = GeslachtView.swift; sourceTree = "<group>"; };
/* End PBXFileReference section */

/* Begin PBXFrameworksBuildPhase section */
		D36A8D1E27D0FC25003AD26A /* Frameworks */ = {
			isa = PBXFrameworksBuildPhase;
			buildActionMask = 2147483647;
			files = (
			);
			runOnlyForDeploymentPostprocessing = 0;
		};
/* End PBXFrameworksBuildPhase section */

/* Begin PBXGroup section */
		D30BB9F027D78988000B34EE /* Doneren */ = {
			isa = PBXGroup;
			children = (
				D30BB9F127D79509000B34EE /* HelpView.swift */,
				D30BB9F327D79962000B34EE /* DonerenView.swift */,
				D30BB9F527D79978000B34EE /* KindOpgevenView.swift */,
				D30BB9F727D7998B000B34EE /* VrijwilligerOpgevenView.swift */,
				D3E0DF7127E225B700E6FC37 /* VrijwilligerDatum.swift */,
				D349C02727DF4F7900B7ED5A /* GeldView.swift */,
				D349C02927DF4F9000B7ED5A /* SpeelgoedView.swift */,
				D349C02D27E0A17000B7ED5A /* BedanktGeldView.swift */,
				D322524127F460F40089FAF6 /* OpgevenView.swift */,
			);
			path = Doneren;
			sourceTree = "<group>";
		};
		D346E68E27D61981006F838D /* Views */ = {
			isa = PBXGroup;
			children = (
				D346E68F27D619EC006F838D /* NewsView.swift */,
				D346E69127D619FB006F838D /* HomeView.swift */,
				D346E69327D61A36006F838D /* ProfileView.swift */,
				D3C4A2B027DB540200697E28 /* SettingsView.swift */,
			);
			path = Views;
			sourceTree = "<group>";
		};
		D36A8D1827D0FC25003AD26A = {
			isa = PBXGroup;
			children = (
				D36A8D2327D0FC25003AD26A /* SogetiTG */,
				D36A8D2227D0FC25003AD26A /* Products */,
			);
			sourceTree = "<group>";
		};
		D36A8D2227D0FC25003AD26A /* Products */ = {
			isa = PBXGroup;
			children = (
				D36A8D2127D0FC25003AD26A /* SogetiTG.app */,
			);
			name = Products;
			sourceTree = "<group>";
		};
		D36A8D2327D0FC25003AD26A /* SogetiTG */ = {
			isa = PBXGroup;
			children = (
				D346E68E27D61981006F838D /* Views */,
				D36A8D2427D0FC25003AD26A /* SogetiTGApp.swift */,
				D3E40CD027EC87D300C3AD4E /* GeslachtView.swift */,
				D3E40CCE27EB4CDB00C3AD4E /* UserData.swift */,
				D36A8D2627D0FC25003AD26A /* ContentView.swift */,
				D3B758B327DA2EA400ECCD30 /* ButtonView.swift */,
				D3E0DF7327E36C7600E6FC37 /* TextView.swift */,
				D349C02B27DF705400B7ED5A /* VolgendeView.swift */,
				D30BB9F027D78988000B34EE /* Doneren */,
				D36A8D2827D0FC28003AD26A /* Assets.xcassets */,
				D36A8D2D27D0FC28003AD26A /* Persistence.swift */,
				D36A8D2F27D0FC28003AD26A /* SogetiTG.xcdatamodeld */,
				D36A8D2A27D0FC28003AD26A /* Preview Content */,
			);
			path = SogetiTG;
			sourceTree = "<group>";
		};
		D36A8D2A27D0FC28003AD26A /* Preview Content */ = {
			isa = PBXGroup;
			children = (
				D36A8D2B27D0FC28003AD26A /* Preview Assets.xcassets */,
			);
			path = "Preview Content";
			sourceTree = "<group>";
		};
/* End PBXGroup section */

/* Begin PBXNativeTarget section */
		D36A8D2027D0FC25003AD26A /* SogetiTG */ = {
			isa = PBXNativeTarget;
			buildConfigurationList = D36A8D3427D0FC28003AD26A /* Build configuration list for PBXNativeTarget "SogetiTG" */;
			buildPhases = (
				D36A8D1D27D0FC25003AD26A /* Sources */,
				D36A8D1E27D0FC25003AD26A /* Frameworks */,
				D36A8D1F27D0FC25003AD26A /* Resources */,
			);
			buildRules = (
			);
			dependencies = (
			);
			name = SogetiTG;
			productName = SogetiTG;
			productReference = D36A8D2127D0FC25003AD26A /* SogetiTG.app */;
			productType = "com.apple.product-type.application";
		};
/* End PBXNativeTarget section */

/* Begin PBXProject section */
		D36A8D1927D0FC25003AD26A /* Project object */ = {
			isa = PBXProject;
			attributes = {
				BuildIndependentTargetsInParallel = 1;
				LastSwiftUpdateCheck = 1320;
				LastUpgradeCheck = 1320;
				TargetAttributes = {
					D36A8D2027D0FC25003AD26A = {
						CreatedOnToolsVersion = 13.2.1;
					};
				};
			};
			buildConfigurationList = D36A8D1C27D0FC25003AD26A /* Build configuration list for PBXProject "SogetiTG" */;
			compatibilityVersion = "Xcode 13.0";
			developmentRegion = en;
			hasScannedForEncodings = 0;
			knownRegions = (
				en,
				Base,
			);
			mainGroup = D36A8D1827D0FC25003AD26A;
			productRefGroup = D36A8D2227D0FC25003AD26A /* Products */;
			projectDirPath = "";
			projectRoot = "";
			targets = (
				D36A8D2027D0FC25003AD26A /* SogetiTG */,
			);
		};
/* End PBXProject section */

/* Begin PBXResourcesBuildPhase section */
		D36A8D1F27D0FC25003AD26A /* Resources */ = {
			isa = PBXResourcesBuildPhase;
			buildActionMask = 2147483647;
			files = (
				D36A8D2C27D0FC28003AD26A /* Preview Assets.xcassets in Resources */,
				D36A8D2927D0FC28003AD26A /* Assets.xcassets in Resources */,
			);
			runOnlyForDeploymentPostprocessing = 0;
		};
/* End PBXResourcesBuildPhase section */

/* Begin PBXSourcesBuildPhase section */
		D36A8D1D27D0FC25003AD26A /* Sources */ = {
			isa = PBXSourcesBuildPhase;
			buildActionMask = 2147483647;
			files = (
				D36A8D2E27D0FC28003AD26A /* Persistence.swift in Sources */,
				D3E40CD127EC87D300C3AD4E /* GeslachtView.swift in Sources */,
				D36A8D2727D0FC25003AD26A /* ContentView.swift in Sources */,
				D3B758B427DA2EA400ECCD30 /* ButtonView.swift in Sources */,
				D36A8D2527D0FC25003AD26A /* SogetiTGApp.swift in Sources */,
				D30BB9F427D79962000B34EE /* DonerenView.swift in Sources */,
				D349C02A27DF4F9000B7ED5A /* SpeelgoedView.swift in Sources */,
				D346E69227D619FB006F838D /* HomeView.swift in Sources */,
				D30BB9F627D79978000B34EE /* KindOpgevenView.swift in Sources */,
				D346E69027D619EC006F838D /* NewsView.swift in Sources */,
				D3E0DF7227E225B700E6FC37 /* VrijwilligerDatum.swift in Sources */,
				D349C02827DF4F7900B7ED5A /* GeldView.swift in Sources */,
				D30BB9F227D79509000B34EE /* HelpView.swift in Sources */,
				D346E69427D61A36006F838D /* ProfileView.swift in Sources */,
				D349C02E27E0A17000B7ED5A /* BedanktGeldView.swift in Sources */,
				D349C02C27DF705400B7ED5A /* VolgendeView.swift in Sources */,
				D36A8D3127D0FC28003AD26A /* SogetiTG.xcdatamodeld in Sources */,
				D30BB9F827D7998B000B34EE /* VrijwilligerOpgevenView.swift in Sources */,
				D3E0DF7427E36C7600E6FC37 /* TextView.swift in Sources */,
				D3E40CCF27EB4CDB00C3AD4E /* UserData.swift in Sources */,
				D3C4A2B127DB540200697E28 /* SettingsView.swift in Sources */,
				D322524227F460F40089FAF6 /* OpgevenView.swift in Sources */,
			);
			runOnlyForDeploymentPostprocessing = 0;
		};
/* End PBXSourcesBuildPhase section */

/* Begin XCBuildConfiguration section */
		D36A8D3227D0FC28003AD26A /* Debug */ = {
			isa = XCBuildConfiguration;
			buildSettings = {
				ALWAYS_SEARCH_USER_PATHS = NO;
				CLANG_ANALYZER_NONNULL = YES;
				CLANG_ANALYZER_NUMBER_OBJECT_CONVERSION = YES_AGGRESSIVE;
				CLANG_CXX_LANGUAGE_STANDARD = "gnu++17";
				CLANG_CXX_LIBRARY = "libc++";
				CLANG_ENABLE_MODULES = YES;
				CLANG_ENABLE_OBJC_ARC = YES;
				CLANG_ENABLE_OBJC_WEAK = YES;
				CLANG_WARN_BLOCK_CAPTURE_AUTORELEASING = YES;
				CLANG_WARN_BOOL_CONVERSION = YES;
				CLANG_WARN_COMMA = YES;
				CLANG_WARN_CONSTANT_CONVERSION = YES;
				CLANG_WARN_DEPRECATED_OBJC_IMPLEMENTATIONS = YES;
				CLANG_WARN_DIRECT_OBJC_ISA_USAGE = YES_ERROR;
				CLANG_WARN_DOCUMENTATION_COMMENTS = YES;
				CLANG_WARN_EMPTY_BODY = YES;
				CLANG_WARN_ENUM_CONVERSION = YES;
				CLANG_WARN_INFINITE_RECURSION = YES;
				CLANG_WARN_INT_CONVERSION = YES;
				CLANG_WARN_NON_LITERAL_NULL_CONVERSION = YES;
				CLANG_WARN_OBJC_IMPLICIT_RETAIN_SELF = YES;
				CLANG_WARN_OBJC_LITERAL_CONVERSION = YES;
				CLANG_WARN_OBJC_ROOT_CLASS = YES_ERROR;
				CLANG_WARN_QUOTED_INCLUDE_IN_FRAMEWORK_HEADER = YES;
				CLANG_WARN_RANGE_LOOP_ANALYSIS = YES;
				CLANG_WARN_STRICT_PROTOTYPES = YES;
				CLANG_WARN_SUSPICIOUS_MOVE = YES;
				CLANG_WARN_UNGUARDED_AVAILABILITY = YES_AGGRESSIVE;
				CLANG_WARN_UNREACHABLE_CODE = YES;
				CLANG_WARN__DUPLICATE_METHOD_MATCH = YES;
				COPY_PHASE_STRIP = NO;
				DEBUG_INFORMATION_FORMAT = dwarf;
				ENABLE_STRICT_OBJC_MSGSEND = YES;
				ENABLE_TESTABILITY = YES;
				GCC_C_LANGUAGE_STANDARD = gnu11;
				GCC_DYNAMIC_NO_PIC = NO;
				GCC_NO_COMMON_BLOCKS = YES;
				GCC_OPTIMIZATION_LEVEL = 0;
				GCC_PREPROCESSOR_DEFINITIONS = (
					"DEBUG=1",
					"$(inherited)",
				);
				GCC_WARN_64_TO_32_BIT_CONVERSION = YES;
				GCC_WARN_ABOUT_RETURN_TYPE = YES_ERROR;
				GCC_WARN_UNDECLARED_SELECTOR = YES;
				GCC_WARN_UNINITIALIZED_AUTOS = YES_AGGRESSIVE;
				GCC_WARN_UNUSED_FUNCTION = YES;
				GCC_WARN_UNUSED_VARIABLE = YES;
				IPHONEOS_DEPLOYMENT_TARGET = 15.2;
				MTL_ENABLE_DEBUG_INFO = INCLUDE_SOURCE;
				MTL_FAST_MATH = YES;
				ONLY_ACTIVE_ARCH = YES;
				SDKROOT = iphoneos;
				SWIFT_ACTIVE_COMPILATION_CONDITIONS = DEBUG;
				SWIFT_OPTIMIZATION_LEVEL = "-Onone";
			};
			name = Debug;
		};
		D36A8D3327D0FC28003AD26A /* Release */ = {
			isa = XCBuildConfiguration;
			buildSettings = {
				ALWAYS_SEARCH_USER_PATHS = NO;
				CLANG_ANALYZER_NONNULL = YES;
				CLANG_ANALYZER_NUMBER_OBJECT_CONVERSION = YES_AGGRESSIVE;
				CLANG_CXX_LANGUAGE_STANDARD = "gnu++17";
				CLANG_CXX_LIBRARY = "libc++";
				CLANG_ENABLE_MODULES = YES;
				CLANG_ENABLE_OBJC_ARC = YES;
				CLANG_ENABLE_OBJC_WEAK = YES;
				CLANG_WARN_BLOCK_CAPTURE_AUTORELEASING = YES;
				CLANG_WARN_BOOL_CONVERSION = YES;
				CLANG_WARN_COMMA = YES;
				CLANG_WARN_CONSTANT_CONVERSION = YES;
				CLANG_WARN_DEPRECATED_OBJC_IMPLEMENTATIONS = YES;
				CLANG_WARN_DIRECT_OBJC_ISA_USAGE = YES_ERROR;
				CLANG_WARN_DOCUMENTATION_COMMENTS = YES;
				CLANG_WARN_EMPTY_BODY = YES;
				CLANG_WARN_ENUM_CONVERSION = YES;
				CLANG_WARN_INFINITE_RECURSION = YES;
				CLANG_WARN_INT_CONVERSION = YES;
				CLANG_WARN_NON_LITERAL_NULL_CONVERSION = YES;
				CLANG_WARN_OBJC_IMPLICIT_RETAIN_SELF = YES;
				CLANG_WARN_OBJC_LITERAL_CONVERSION = YES;
				CLANG_WARN_OBJC_ROOT_CLASS = YES_ERROR;
				CLANG_WARN_QUOTED_INCLUDE_IN_FRAMEWORK_HEADER = YES;
				CLANG_WARN_RANGE_LOOP_ANALYSIS = YES;
				CLANG_WARN_STRICT_PROTOTYPES = YES;
				CLANG_WARN_SUSPICIOUS_MOVE = YES;
				CLANG_WARN_UNGUARDED_AVAILABILITY = YES_AGGRESSIVE;
				CLANG_WARN_UNREACHABLE_CODE = YES;
				CLANG_WARN__DUPLICATE_METHOD_MATCH = YES;
				COPY_PHASE_STRIP = NO;
				DEBUG_INFORMATION_FORMAT = "dwarf-with-dsym";
				ENABLE_NS_ASSERTIONS = NO;
				ENABLE_STRICT_OBJC_MSGSEND = YES;
				GCC_C_LANGUAGE_STANDARD = gnu11;
				GCC_NO_COMMON_BLOCKS = YES;
				GCC_WARN_64_TO_32_BIT_CONVERSION = YES;
				GCC_WARN_ABOUT_RETURN_TYPE = YES_ERROR;
				GCC_WARN_UNDECLARED_SELECTOR = YES;
				GCC_WARN_UNINITIALIZED_AUTOS = YES_AGGRESSIVE;
				GCC_WARN_UNUSED_FUNCTION = YES;
				GCC_WARN_UNUSED_VARIABLE = YES;
				IPHONEOS_DEPLOYMENT_TARGET = 15.2;
				MTL_ENABLE_DEBUG_INFO = NO;
				MTL_FAST_MATH = YES;
				SDKROOT = iphoneos;
				SWIFT_COMPILATION_MODE = wholemodule;
				SWIFT_OPTIMIZATION_LEVEL = "-O";
				VALIDATE_PRODUCT = YES;
			};
			name = Release;
		};
		D36A8D3527D0FC28003AD26A /* Debug */ = {
			isa = XCBuildConfiguration;
			buildSettings = {
				ASSETCATALOG_COMPILER_APPICON_NAME = AppIcon;
				ASSETCATALOG_COMPILER_GLOBAL_ACCENT_COLOR_NAME = AccentColor;
				CODE_SIGN_STYLE = Automatic;
				CURRENT_PROJECT_VERSION = 1;
				DEVELOPMENT_ASSET_PATHS = "\"SogetiTG/Preview Content\"";
				DEVELOPMENT_TEAM = 7GN349RFXZ;
				ENABLE_PREVIEWS = YES;
				GENERATE_INFOPLIST_FILE = YES;
				INFOPLIST_KEY_UIApplicationSceneManifest_Generation = YES;
				INFOPLIST_KEY_UIApplicationSupportsIndirectInputEvents = YES;
				INFOPLIST_KEY_UILaunchScreen_Generation = YES;
				INFOPLIST_KEY_UISupportedInterfaceOrientations_iPad = "UIInterfaceOrientationPortrait UIInterfaceOrientationPortraitUpsideDown UIInterfaceOrientationLandscapeLeft UIInterfaceOrientationLandscapeRight";
				INFOPLIST_KEY_UISupportedInterfaceOrientations_iPhone = "UIInterfaceOrientationPortrait UIInterfaceOrientationLandscapeLeft UIInterfaceOrientationLandscapeRight";
				LD_RUNPATH_SEARCH_PATHS = (
					"$(inherited)",
					"@executable_path/Frameworks",
				);
				MARKETING_VERSION = 1.0;
				PRODUCT_BUNDLE_IDENTIFIER = "Thijs-Govers.SogetiTG";
				PRODUCT_NAME = "$(TARGET_NAME)";
				SWIFT_EMIT_LOC_STRINGS = YES;
				SWIFT_VERSION = 5.0;
				TARGETED_DEVICE_FAMILY = "1,2";
			};
			name = Debug;
		};
		D36A8D3627D0FC28003AD26A /* Release */ = {
			isa = XCBuildConfiguration;
			buildSettings = {
				ASSETCATALOG_COMPILER_APPICON_NAME = AppIcon;
				ASSETCATALOG_COMPILER_GLOBAL_ACCENT_COLOR_NAME = AccentColor;
				CODE_SIGN_STYLE = Automatic;
				CURRENT_PROJECT_VERSION = 1;
				DEVELOPMENT_ASSET_PATHS = "\"SogetiTG/Preview Content\"";
				DEVELOPMENT_TEAM = 7GN349RFXZ;
				ENABLE_PREVIEWS = YES;
				GENERATE_INFOPLIST_FILE = YES;
				INFOPLIST_KEY_UIApplicationSceneManifest_Generation = YES;
				INFOPLIST_KEY_UIApplicationSupportsIndirectInputEvents = YES;
				INFOPLIST_KEY_UILaunchScreen_Generation = YES;
				INFOPLIST_KEY_UISupportedInterfaceOrientations_iPad = "UIInterfaceOrientationPortrait UIInterfaceOrientationPortraitUpsideDown UIInterfaceOrientationLandscapeLeft UIInterfaceOrientationLandscapeRight";
				INFOPLIST_KEY_UISupportedInterfaceOrientations_iPhone = "UIInterfaceOrientationPortrait UIInterfaceOrientationLandscapeLeft UIInterfaceOrientationLandscapeRight";
				LD_RUNPATH_SEARCH_PATHS = (
					"$(inherited)",
					"@executable_path/Frameworks",
				);
				MARKETING_VERSION = 1.0;
				PRODUCT_BUNDLE_IDENTIFIER = "Thijs-Govers.SogetiTG";
				PRODUCT_NAME = "$(TARGET_NAME)";
				SWIFT_EMIT_LOC_STRINGS = YES;
				SWIFT_VERSION = 5.0;
				TARGETED_DEVICE_FAMILY = "1,2";
			};
			name = Release;
		};
/* End XCBuildConfiguration section */

/* Begin XCConfigurationList section */
		D36A8D1C27D0FC25003AD26A /* Build configuration list for PBXProject "SogetiTG" */ = {
			isa = XCConfigurationList;
			buildConfigurations = (
				D36A8D3227D0FC28003AD26A /* Debug */,
				D36A8D3327D0FC28003AD26A /* Release */,
			);
			defaultConfigurationIsVisible = 0;
			defaultConfigurationName = Release;
		};
		D36A8D3427D0FC28003AD26A /* Build configuration list for PBXNativeTarget "SogetiTG" */ = {
			isa = XCConfigurationList;
			buildConfigurations = (
				D36A8D3527D0FC28003AD26A /* Debug */,
				D36A8D3627D0FC28003AD26A /* Release */,
			);
			defaultConfigurationIsVisible = 0;
			defaultConfigurationName = Release;
		};
/* End XCConfigurationList section */

/* Begin XCVersionGroup section */
		D36A8D2F27D0FC28003AD26A /* SogetiTG.xcdatamodeld */ = {
			isa = XCVersionGroup;
			children = (
				D36A8D3027D0FC28003AD26A /* SogetiTG.xcdatamodel */,
			);
			currentVersion = D36A8D3027D0FC28003AD26A /* SogetiTG.xcdatamodel */;
			path = SogetiTG.xcdatamodeld;
			sourceTree = "<group>";
			versionGroupType = wrapper.xcdatamodel;
		};
/* End XCVersionGroup section */
	};
	rootObject = D36A8D1927D0FC25003AD26A /* Project object */;
}
